
Microsoft Visual Studio Solution File, Format Version 12.00
# Visual Studio Version 17
VisualStudioVersion = 17.5.002.0
MinimumVisualStudioVersion = 10.0.40219.1
Project("{9A19103F-16F7-4668-BE54-9A1E7A4F7556}") = "Dr.-Variyam-Research-C-Implementation", "Dr.-Variyam-Research-C-Implementation.csproj", "{C48435B9-F38A-4A25-90E3-E4BF7963544F}"
EndProject
Global
	GlobalSection(SolutionConfigurationPlatforms) = preSolution
		Debug|Any CPU = Debug|Any CPU
		Release|Any CPU = Release|Any CPU
	EndGlobalSection
	GlobalSection(ProjectConfigurationPlatforms) = postSolution
		{C48435B9-F38A-4A25-90E3-E4BF7963544F}.Debug|Any CPU.ActiveCfg = Debug|Any CPU
		{C48435B9-F38A-4A25-90E3-E4BF7963544F}.Debug|Any CPU.Build.0 = Debug|Any CPU
		{C48435B9-F38A-4A25-90E3-E4BF7963544F}.Release|Any CPU.ActiveCfg = Release|Any CPU
		{C48435B9-F38A-4A25-90E3-E4BF7963544F}.Release|Any CPU.Build.0 = Release|Any CPU
	EndGlobalSection
	GlobalSection(SolutionProperties) = preSolution
		HideSolutionNode = FALSE
	EndGlobalSection
	GlobalSection(ExtensibilityGlobals) = postSolution
		SolutionGuid = {F39BDBB5-DA0A-4C83-9211-7D5B9BFBD383}
	EndGlobalSection
EndGlobal
